{
    "_readme": [
        "This file locks the dependencies of your project to a known state",
        "Read more about it at https://getcomposer.org/doc/01-basic-usage.md#composer-lock-the-lock-file",
        "This file is @generated automatically"
    ],
    "content-hash": "588f1b445d11b8f086c4afaa93080cc6",
    "packages": [
        {
            "name": "php-class-parser",
            "version": "v1.0.0",
            "source": {
                "type": "git",
                "url": "https://github.com/akashpanda123/php-class-parser.git",
                "reference": "refs/tags/v1.0.0"
            },
            "type": "library"
        }
    ],
    "packages-dev": [],
    "aliases": [],
    "minimum-stability": "stable",
    "stability-flags": [],
    "prefer-stable": false,
    "prefer-lowest": false,
    "platform": [],
    "platform-dev": []
}
